
Microsoft Visual Studio Solution File, Format Version 12.00
# Visual Studio Version 16
VisualStudioVersion = 16.0.31424.327
MinimumVisualStudioVersion = 10.0.40219.1
Project("{8BC9CEB8-8B4A-11D0-8D11-00A0C91BC942}") = "SqlDbHelper", "SqlDbHelper\SqlDbHelper.vcxproj", "{243C9527-C625-4E11-9C28-644D2A24E437}"
EndProject
Project("{8BC9CEB8-8B4A-11D0-8D11-00A0C91BC942}") = "SqlTest", "SqlTest\SqlTest.vcxproj", "{20305596-E0B9-4A85-96BB-7A7DAF4C0B98}"
EndProject
Global
	GlobalSection(SolutionConfigurationPlatforms) = preSolution
		Debug|x64 = Debug|x64
		Debug|x86 = Debug|x86
		Release|x64 = Release|x64
		Release|x86 = Release|x86
	EndGlobalSection
	GlobalSection(ProjectConfigurationPlatforms) = postSolution
		{243C9527-C625-4E11-9C28-644D2A24E437}.Debug|x64.ActiveCfg = Debug|x64
		{243C9527-C625-4E11-9C28-644D2A24E437}.Debug|x64.Build.0 = Debug|x64
		{243C9527-C625-4E11-9C28-644D2A24E437}.Debug|x86.ActiveCfg = Debug|Win32
		{243C9527-C625-4E11-9C28-644D2A24E437}.Debug|x86.Build.0 = Debug|Win32
		{243C9527-C625-4E11-9C28-644D2A24E437}.Release|x64.ActiveCfg = Release|x64
		{243C9527-C625-4E11-9C28-644D2A24E437}.Release|x64.Build.0 = Release|x64
		{243C9527-C625-4E11-9C28-644D2A24E437}.Release|x86.ActiveCfg = Release|Win32
		{243C9527-C625-4E11-9C28-644D2A24E437}.Release|x86.Build.0 = Release|Win32
		{20305596-E0B9-4A85-96BB-7A7DAF4C0B98}.Debug|x64.ActiveCfg = Debug|x64
		{20305596-E0B9-4A85-96BB-7A7DAF4C0B98}.Debug|x64.Build.0 = Debug|x64
		{20305596-E0B9-4A85-96BB-7A7DAF4C0B98}.Debug|x86.ActiveCfg = Debug|Win32
		{20305596-E0B9-4A85-96BB-7A7DAF4C0B98}.Debug|x86.Build.0 = Debug|Win32
		{20305596-E0B9-4A85-96BB-7A7DAF4C0B98}.Release|x64.ActiveCfg = Release|x64
		{20305596-E0B9-4A85-96BB-7A7DAF4C0B98}.Release|x64.Build.0 = Release|x64
		{20305596-E0B9-4A85-96BB-7A7DAF4C0B98}.Release|x86.ActiveCfg = Release|Win32
		{20305596-E0B9-4A85-96BB-7A7DAF4C0B98}.Release|x86.Build.0 = Release|Win32
	EndGlobalSection
	GlobalSection(SolutionProperties) = preSolution
		HideSolutionNode = FALSE
	EndGlobalSection
	GlobalSection(ExtensibilityGlobals) = postSolution
		SolutionGuid = {6B774B1F-06BE-4709-8A8C-DB17BC319207}
	EndGlobalSection
EndGlobal
